
Microsoft Visual Studio Solution File, Format Version 12.00
# Visual Studio Version 17
VisualStudioVersion = 17.5.2.0
MinimumVisualStudioVersion = 10.0.40219.1
Project("{2150E333-8FDC-42A3-9474-1A3956D46DE8}") = "backend", "backend", "{1AE8ACA6-933B-BF2A-3671-3E2EAC007D16}"
EndProject
Project("{FAE04EC0-301F-11D3-BF4B-00C04F79EFBC}") = "Scout.Identity.Api", "backend\Scout.Identity.Api\Scout.Identity.Api.csproj", "{EA2FDD29-58A5-6991-59BD-76B8B21E60E5}"
EndProject
Project("{FAE04EC0-301F-11D3-BF4B-00C04F79EFBC}") = "Scout.Cache.Api", "backend\Scout.Cache.Api\Scout.Cache.Api.csproj", "{92A730E4-89AB-4398-A2E3-946CEAF148A1}"
EndProject
Project("{FAE04EC0-301F-11D3-BF4B-00C04F79EFBC}") = "Scout.Location.Api", "backend\Scout.Location.Api\Scout.Location.Api.csproj", "{048330FD-03EF-4B28-AD9C-39C33CEA1D17}"
EndProject
Project("{FAE04EC0-301F-11D3-BF4B-00C04F79EFBC}") = "Scout.Challenge.Api", "backend\Scout.Challenge.Api\Scout.Challenge.Api.csproj", "{FB2AECDE-8337-4A34-AFB2-CD0F1DD77872}"
EndProject
Project("{FAE04EC0-301F-11D3-BF4B-00C04F79EFBC}") = "Scout.Vision.Api", "backend\Scout.Vision.Api\Scout.Vision.Api.csproj", "{F823C24D-D565-485C-88C8-11B937A5AAF4}"
EndProject
Global
	GlobalSection(SolutionConfigurationPlatforms) = preSolution
		Debug|Any CPU = Debug|Any CPU
		Debug|x64 = Debug|x64
		Debug|x86 = Debug|x86
		Release|Any CPU = Release|Any CPU
		Release|x64 = Release|x64
		Release|x86 = Release|x86
	EndGlobalSection
	GlobalSection(ProjectConfigurationPlatforms) = postSolution
		{EA2FDD29-58A5-6991-59BD-76B8B21E60E5}.Debug|Any CPU.ActiveCfg = Debug|Any CPU
		{EA2FDD29-58A5-6991-59BD-76B8B21E60E5}.Debug|Any CPU.Build.0 = Debug|Any CPU
		{EA2FDD29-58A5-6991-59BD-76B8B21E60E5}.Debug|x64.ActiveCfg = Debug|Any CPU
		{EA2FDD29-58A5-6991-59BD-76B8B21E60E5}.Debug|x64.Build.0 = Debug|Any CPU
		{EA2FDD29-58A5-6991-59BD-76B8B21E60E5}.Debug|x86.ActiveCfg = Debug|Any CPU
		{EA2FDD29-58A5-6991-59BD-76B8B21E60E5}.Debug|x86.Build.0 = Debug|Any CPU
		{EA2FDD29-58A5-6991-59BD-76B8B21E60E5}.Release|Any CPU.ActiveCfg = Release|Any CPU
		{EA2FDD29-58A5-6991-59BD-76B8B21E60E5}.Release|Any CPU.Build.0 = Release|Any CPU
		{EA2FDD29-58A5-6991-59BD-76B8B21E60E5}.Release|x64.ActiveCfg = Release|Any CPU
		{EA2FDD29-58A5-6991-59BD-76B8B21E60E5}.Release|x64.Build.0 = Release|Any CPU
		{EA2FDD29-58A5-6991-59BD-76B8B21E60E5}.Release|x86.ActiveCfg = Release|Any CPU
		{EA2FDD29-58A5-6991-59BD-76B8B21E60E5}.Release|x86.Build.0 = Release|Any CPU
		{92A730E4-89AB-4398-A2E3-946CEAF148A1}.Debug|Any CPU.ActiveCfg = Debug|Any CPU
		{92A730E4-89AB-4398-A2E3-946CEAF148A1}.Debug|Any CPU.Build.0 = Debug|Any CPU
		{92A730E4-89AB-4398-A2E3-946CEAF148A1}.Debug|x64.ActiveCfg = Debug|Any CPU
		{92A730E4-89AB-4398-A2E3-946CEAF148A1}.Debug|x64.Build.0 = Debug|Any CPU
		{92A730E4-89AB-4398-A2E3-946CEAF148A1}.Debug|x86.ActiveCfg = Debug|Any CPU
		{92A730E4-89AB-4398-A2E3-946CEAF148A1}.Debug|x86.Build.0 = Debug|Any CPU
		{92A730E4-89AB-4398-A2E3-946CEAF148A1}.Release|Any CPU.ActiveCfg = Release|Any CPU
		{92A730E4-89AB-4398-A2E3-946CEAF148A1}.Release|Any CPU.Build.0 = Release|Any CPU
		{92A730E4-89AB-4398-A2E3-946CEAF148A1}.Release|x64.ActiveCfg = Release|Any CPU
		{92A730E4-89AB-4398-A2E3-946CEAF148A1}.Release|x64.Build.0 = Release|Any CPU
		{92A730E4-89AB-4398-A2E3-946CEAF148A1}.Release|x86.ActiveCfg = Release|Any CPU
		{92A730E4-89AB-4398-A2E3-946CEAF148A1}.Release|x86.Build.0 = Release|Any CPU
		{048330FD-03EF-4B28-AD9C-39C33CEA1D17}.Debug|Any CPU.ActiveCfg = Debug|Any CPU
		{048330FD-03EF-4B28-AD9C-39C33CEA1D17}.Debug|Any CPU.Build.0 = Debug|Any CPU
		{048330FD-03EF-4B28-AD9C-39C33CEA1D17}.Debug|x64.ActiveCfg = Debug|Any CPU
		{048330FD-03EF-4B28-AD9C-39C33CEA1D17}.Debug|x64.Build.0 = Debug|Any CPU
		{048330FD-03EF-4B28-AD9C-39C33CEA1D17}.Debug|x86.ActiveCfg = Debug|Any CPU
		{048330FD-03EF-4B28-AD9C-39C33CEA1D17}.Debug|x86.Build.0 = Debug|Any CPU
		{048330FD-03EF-4B28-AD9C-39C33CEA1D17}.Release|Any CPU.ActiveCfg = Release|Any CPU
		{048330FD-03EF-4B28-AD9C-39C33CEA1D17}.Release|Any CPU.Build.0 = Release|Any CPU
		{048330FD-03EF-4B28-AD9C-39C33CEA1D17}.Release|x64.ActiveCfg = Release|Any CPU
		{048330FD-03EF-4B28-AD9C-39C33CEA1D17}.Release|x64.Build.0 = Release|Any CPU
		{048330FD-03EF-4B28-AD9C-39C33CEA1D17}.Release|x86.ActiveCfg = Release|Any CPU
		{048330FD-03EF-4B28-AD9C-39C33CEA1D17}.Release|x86.Build.0 = Release|Any CPU
		{FB2AECDE-8337-4A34-AFB2-CD0F1DD77872}.Debug|Any CPU.ActiveCfg = Debug|Any CPU
		{FB2AECDE-8337-4A34-AFB2-CD0F1DD77872}.Debug|Any CPU.Build.0 = Debug|Any CPU
		{FB2AECDE-8337-4A34-AFB2-CD0F1DD77872}.Debug|x64.ActiveCfg = Debug|Any CPU
		{FB2AECDE-8337-4A34-AFB2-CD0F1DD77872}.Debug|x64.Build.0 = Debug|Any CPU
		{FB2AECDE-8337-4A34-AFB2-CD0F1DD77872}.Debug|x86.ActiveCfg = Debug|Any CPU
		{FB2AECDE-8337-4A34-AFB2-CD0F1DD77872}.Debug|x86.Build.0 = Debug|Any CPU
		{FB2AECDE-8337-4A34-AFB2-CD0F1DD77872}.Release|Any CPU.ActiveCfg = Release|Any CPU
		{FB2AECDE-8337-4A34-AFB2-CD0F1DD77872}.Release|Any CPU.Build.0 = Release|Any CPU
		{FB2AECDE-8337-4A34-AFB2-CD0F1DD77872}.Release|x64.ActiveCfg = Release|Any CPU
		{FB2AECDE-8337-4A34-AFB2-CD0F1DD77872}.Release|x64.Build.0 = Release|Any CPU
		{FB2AECDE-8337-4A34-AFB2-CD0F1DD77872}.Release|x86.ActiveCfg = Release|Any CPU
		{FB2AECDE-8337-4A34-AFB2-CD0F1DD77872}.Release|x86.Build.0 = Release|Any CPU
		{F823C24D-D565-485C-88C8-11B937A5AAF4}.Debug|Any CPU.ActiveCfg = Debug|Any CPU
		{F823C24D-D565-485C-88C8-11B937A5AAF4}.Debug|Any CPU.Build.0 = Debug|Any CPU
		{F823C24D-D565-485C-88C8-11B937A5AAF4}.Debug|x64.ActiveCfg = Debug|Any CPU
		{F823C24D-D565-485C-88C8-11B937A5AAF4}.Debug|x64.Build.0 = Debug|Any CPU
		{F823C24D-D565-485C-88C8-11B937A5AAF4}.Debug|x86.ActiveCfg = Debug|Any CPU
		{F823C24D-D565-485C-88C8-11B937A5AAF4}.Debug|x86.Build.0 = Debug|Any CPU
		{F823C24D-D565-485C-88C8-11B937A5AAF4}.Release|Any CPU.ActiveCfg = Release|Any CPU
		{F823C24D-D565-485C-88C8-11B937A5AAF4}.Release|Any CPU.Build.0 = Release|Any CPU
		{F823C24D-D565-485C-88C8-11B937A5AAF4}.Release|x64.ActiveCfg = Release|Any CPU
		{F823C24D-D565-485C-88C8-11B937A5AAF4}.Release|x64.Build.0 = Release|Any CPU
		{F823C24D-D565-485C-88C8-11B937A5AAF4}.Release|x86.ActiveCfg = Release|Any CPU
		{F823C24D-D565-485C-88C8-11B937A5AAF4}.Release|x86.Build.0 = Release|Any CPU
	EndGlobalSection
	GlobalSection(SolutionProperties) = preSolution
		HideSolutionNode = FALSE
	EndGlobalSection
	GlobalSection(NestedProjects) = preSolution
		{EA2FDD29-58A5-6991-59BD-76B8B21E60E5} = {1AE8ACA6-933B-BF2A-3671-3E2EAC007D16}
		{92A730E4-89AB-4398-A2E3-946CEAF148A1} = {1AE8ACA6-933B-BF2A-3671-3E2EAC007D16}
		{048330FD-03EF-4B28-AD9C-39C33CEA1D17} = {1AE8ACA6-933B-BF2A-3671-3E2EAC007D16}
		{FB2AECDE-8337-4A34-AFB2-CD0F1DD77872} = {1AE8ACA6-933B-BF2A-3671-3E2EAC007D16}
		{F823C24D-D565-485C-88C8-11B937A5AAF4} = {1AE8ACA6-933B-BF2A-3671-3E2EAC007D16}
	EndGlobalSection
	GlobalSection(ExtensibilityGlobals) = postSolution
		SolutionGuid = {D0756D46-840D-4437-9240-1B1552B02C92}
	EndGlobalSection
EndGlobal
